
Microsoft Visual Studio Solution File, Format Version 12.00
# Visual Studio Version 17
VisualStudioVersion = 17.5.002.0
MinimumVisualStudioVersion = 10.0.40219.1
Project("{2150E333-8FDC-42A3-9474-1A3956D46DE8}") = "src", "src", "{2C6306BD-5065-445A-9FE0-46774BBF48F3}"
EndProject
Project("{FAE04EC0-301F-11D3-BF4B-00C04F79EFBC}") = "NtfParser.Console", "src\NtfParser.Console\NtfParser.Console.csproj", "{632D7430-EC1D-40B9-9C57-211495B2A574}"
EndProject
Project("{2150E333-8FDC-42A3-9474-1A3956D46DE8}") = "test", "test", "{659F8251-D425-4F7A-8F45-95C525D4EEAE}"
EndProject
Project("{FAE04EC0-301F-11D3-BF4B-00C04F79EFBC}") = "NtfParser.Test", "test\NtfParser.Test\NtfParser.Test.csproj", "{2488712E-BE47-4A1E-82AC-E3FA13DC3C75}"
EndProject
Global
	GlobalSection(SolutionConfigurationPlatforms) = preSolution
		Debug|Any CPU = Debug|Any CPU
		Debug|x64 = Debug|x64
		Debug|x86 = Debug|x86
		Release|Any CPU = Release|Any CPU
		Release|x64 = Release|x64
		Release|x86 = Release|x86
	EndGlobalSection
	GlobalSection(ProjectConfigurationPlatforms) = postSolution
		{632D7430-EC1D-40B9-9C57-211495B2A574}.Debug|Any CPU.ActiveCfg = Debug|Any CPU
		{632D7430-EC1D-40B9-9C57-211495B2A574}.Debug|Any CPU.Build.0 = Debug|Any CPU
		{632D7430-EC1D-40B9-9C57-211495B2A574}.Debug|x64.ActiveCfg = Debug|Any CPU
		{632D7430-EC1D-40B9-9C57-211495B2A574}.Debug|x64.Build.0 = Debug|Any CPU
		{632D7430-EC1D-40B9-9C57-211495B2A574}.Debug|x86.ActiveCfg = Debug|Any CPU
		{632D7430-EC1D-40B9-9C57-211495B2A574}.Debug|x86.Build.0 = Debug|Any CPU
		{632D7430-EC1D-40B9-9C57-211495B2A574}.Release|Any CPU.ActiveCfg = Release|Any CPU
		{632D7430-EC1D-40B9-9C57-211495B2A574}.Release|Any CPU.Build.0 = Release|Any CPU
		{632D7430-EC1D-40B9-9C57-211495B2A574}.Release|x64.ActiveCfg = Release|Any CPU
		{632D7430-EC1D-40B9-9C57-211495B2A574}.Release|x64.Build.0 = Release|Any CPU
		{632D7430-EC1D-40B9-9C57-211495B2A574}.Release|x86.ActiveCfg = Release|Any CPU
		{632D7430-EC1D-40B9-9C57-211495B2A574}.Release|x86.Build.0 = Release|Any CPU
		{2488712E-BE47-4A1E-82AC-E3FA13DC3C75}.Debug|Any CPU.ActiveCfg = Debug|Any CPU
		{2488712E-BE47-4A1E-82AC-E3FA13DC3C75}.Debug|Any CPU.Build.0 = Debug|Any CPU
		{2488712E-BE47-4A1E-82AC-E3FA13DC3C75}.Debug|x64.ActiveCfg = Debug|Any CPU
		{2488712E-BE47-4A1E-82AC-E3FA13DC3C75}.Debug|x64.Build.0 = Debug|Any CPU
		{2488712E-BE47-4A1E-82AC-E3FA13DC3C75}.Debug|x86.ActiveCfg = Debug|Any CPU
		{2488712E-BE47-4A1E-82AC-E3FA13DC3C75}.Debug|x86.Build.0 = Debug|Any CPU
		{2488712E-BE47-4A1E-82AC-E3FA13DC3C75}.Release|Any CPU.ActiveCfg = Release|Any CPU
		{2488712E-BE47-4A1E-82AC-E3FA13DC3C75}.Release|Any CPU.Build.0 = Release|Any CPU
		{2488712E-BE47-4A1E-82AC-E3FA13DC3C75}.Release|x64.ActiveCfg = Release|Any CPU
		{2488712E-BE47-4A1E-82AC-E3FA13DC3C75}.Release|x64.Build.0 = Release|Any CPU
		{2488712E-BE47-4A1E-82AC-E3FA13DC3C75}.Release|x86.ActiveCfg = Release|Any CPU
		{2488712E-BE47-4A1E-82AC-E3FA13DC3C75}.Release|x86.Build.0 = Release|Any CPU
	EndGlobalSection
	GlobalSection(SolutionProperties) = preSolution
		HideSolutionNode = FALSE
	EndGlobalSection
	GlobalSection(NestedProjects) = preSolution
		{632D7430-EC1D-40B9-9C57-211495B2A574} = {2C6306BD-5065-445A-9FE0-46774BBF48F3}
		{2488712E-BE47-4A1E-82AC-E3FA13DC3C75} = {659F8251-D425-4F7A-8F45-95C525D4EEAE}
	EndGlobalSection
	GlobalSection(ExtensibilityGlobals) = postSolution
		SolutionGuid = {B35F400D-7B5F-482D-9098-A7CEA39A2F70}
	EndGlobalSection
EndGlobal
